github.com/fairytale5571/go-whitepay v0.0.2 h1:kiGtSZj+MHyTIMj0dbj0N0qoj4HbGBv2VLyuwS67IMQ=
github.com/fairytale5571/go-whitepay v0.0.2/go.mod h1:UGi4snL7nh2chx6A41/FdG4bJc6CnXaDkQKSu7QTfoQ=
github.com/fairytale5571/go-whitepay v0.0.3 h1:Rgx9XMMgGppnpZiWlmasiWij5mrI7iKJeNAM/8RcJeQ=
github.com/fairytale5571/go-whitepay v0.0.3/go.mod h1:G7AGBkwUnW2zgpyxPeBH98LP9fU8R721Fb6cs1yxci4=
